{
	"name": "@node-lightning/bitcoind",
	"version": "0.22.1",
	"lockfileVersion": 1,
	"requires": true,
	"dependencies": {
		"nan": {
			"version": "2.14.2",
			"resolved": "https://registry.npmjs.org/nan/-/nan-2.14.2.tgz",
			"integrity": "sha512-M2ufzIiINKCuDfBSAUr1vWQ+vuVcA9kqx8JJUsbQi6yf1uGRyb7HfpdfUr5qLXf3B/t8dPvcjhKMmlfnP47EzQ=="
		},
		"node-gyp-build": {
			"version": "4.6.0",
			"resolved": "https://registry.npmjs.org/node-gyp-build/-/node-gyp-build-4.6.0.tgz",
			"integrity": "sha512-NTZVKn9IylLwUzaKjkas1e4u2DLNcV4rdYagA4PWdPwW87Bi7z+BznyKSRwS/761tV/lzCGXplWsiaMjLqP2zQ=="
		},
		"zeromq": {
			"version": "5.2.5",
			"resolved": "https://registry.npmjs.org/zeromq/-/zeromq-5.2.5.tgz",
			"integrity": "sha512-bz56Ei0r3rlCI19TqJhUotb1FF8XCdiyQLRKUQuqQmfsQ0ra5fl76JQf+MqaCpar9flHqbhKD7UFBsZNtUxXfg==",
			"requires": {
				"nan": "2.14.2",
				"node-gyp-build": "^4.2.3"
			}
		}
	}
}
